
Microsoft Visual Studio Solution File, Format Version 12.00
# Visual Studio 14
VisualStudioVersion = 14.0.25420.1
MinimumVisualStudioVersion = 10.0.40219.1
Project("{F2A71F9B-5D33-465A-A702-920D77279786}") = "fword", "fword.fsproj", "{30E0C873-CA09-4615-9291-E3D00FB0B83E}"
EndProject
Global
	GlobalSection(SolutionConfigurationPlatforms) = preSolution
		Debug|Any CPU = Debug|Any CPU
		Release|Any CPU = Release|Any CPU
	EndGlobalSection
	GlobalSection(ProjectConfigurationPlatforms) = postSolution
		{30E0C873-CA09-4615-9291-E3D00FB0B83E}.Debug|Any CPU.ActiveCfg = Debug|Any CPU
		{30E0C873-CA09-4615-9291-E3D00FB0B83E}.Debug|Any CPU.Build.0 = Debug|Any CPU
		{30E0C873-CA09-4615-9291-E3D00FB0B83E}.Release|Any CPU.ActiveCfg = Release|Any CPU
		{30E0C873-CA09-4615-9291-E3D00FB0B83E}.Release|Any CPU.Build.0 = Release|Any CPU
	EndGlobalSection
	GlobalSection(SolutionProperties) = preSolution
		HideSolutionNode = FALSE
	EndGlobalSection
EndGlobal
